
Microsoft Visual Studio Solution File, Format Version 12.00
# Visual Studio Version 16
VisualStudioVersion = 16.0.32413.511
MinimumVisualStudioVersion = 10.0.40219.1
Project("{8BC9CEB8-8B4A-11D0-8D11-00A0C91BC942}") = "Steve", "Steve\Steve.vcxproj", "{FDFCD369-0054-47F0-BD81-D654966EC0AB}"
EndProject
Project("{8BC9CEB8-8B4A-11D0-8D11-00A0C91BC942}") = "SteveTest", "SteveTest\SteveTest.vcxproj", "{04B05E7C-6541-4432-A1ED-A6397779BD90}"
EndProject
Global
	GlobalSection(SolutionConfigurationPlatforms) = preSolution
		Debug|x64 = Debug|x64
		Debug|x86 = Debug|x86
		Release|x64 = Release|x64
		Release|x86 = Release|x86
	EndGlobalSection
	GlobalSection(ProjectConfigurationPlatforms) = postSolution
		{FDFCD369-0054-47F0-BD81-D654966EC0AB}.Debug|x64.ActiveCfg = Debug|x64
		{FDFCD369-0054-47F0-BD81-D654966EC0AB}.Debug|x64.Build.0 = Debug|x64
		{FDFCD369-0054-47F0-BD81-D654966EC0AB}.Debug|x86.ActiveCfg = Debug|Win32
		{FDFCD369-0054-47F0-BD81-D654966EC0AB}.Debug|x86.Build.0 = Debug|Win32
		{FDFCD369-0054-47F0-BD81-D654966EC0AB}.Release|x64.ActiveCfg = Release|x64
		{FDFCD369-0054-47F0-BD81-D654966EC0AB}.Release|x64.Build.0 = Release|x64
		{FDFCD369-0054-47F0-BD81-D654966EC0AB}.Release|x86.ActiveCfg = Release|Win32
		{FDFCD369-0054-47F0-BD81-D654966EC0AB}.Release|x86.Build.0 = Release|Win32
		{04B05E7C-6541-4432-A1ED-A6397779BD90}.Debug|x64.ActiveCfg = Debug|x64
		{04B05E7C-6541-4432-A1ED-A6397779BD90}.Debug|x64.Build.0 = Debug|x64
		{04B05E7C-6541-4432-A1ED-A6397779BD90}.Debug|x86.ActiveCfg = Debug|Win32
		{04B05E7C-6541-4432-A1ED-A6397779BD90}.Debug|x86.Build.0 = Debug|Win32
		{04B05E7C-6541-4432-A1ED-A6397779BD90}.Release|x64.ActiveCfg = Release|x64
		{04B05E7C-6541-4432-A1ED-A6397779BD90}.Release|x64.Build.0 = Release|x64
		{04B05E7C-6541-4432-A1ED-A6397779BD90}.Release|x86.ActiveCfg = Release|Win32
		{04B05E7C-6541-4432-A1ED-A6397779BD90}.Release|x86.Build.0 = Release|Win32
	EndGlobalSection
	GlobalSection(SolutionProperties) = preSolution
		HideSolutionNode = FALSE
	EndGlobalSection
	GlobalSection(ExtensibilityGlobals) = postSolution
		SolutionGuid = {20150F0A-E6FB-4B0D-96F5-12B7B329B085}
	EndGlobalSection
EndGlobal
